
Microsoft Visual Studio Solution File, Format Version 12.00
# Visual Studio Version 17
VisualStudioVersion = 17.0.31903.59
MinimumVisualStudioVersion = 10.0.40219.1
Project("{9A19103F-16F7-4668-BE54-9A1E7A4F7556}") = "FactoryPattern", "FactoryPattern\FactoryPattern.csproj", "{2035C28B-9A54-4734-96E8-7933006FE49F}"
EndProject
Project("{9A19103F-16F7-4668-BE54-9A1E7A4F7556}") = "AbstractFactoryPattern", "AbstractFactoryPattern\AbstractFactoryPattern.csproj", "{60DA0FC5-4F8C-4F81-9BB9-C5B1BD700396}"
EndProject
Project("{9A19103F-16F7-4668-BE54-9A1E7A4F7556}") = "BuilderPattern", "BuilderPattern\BuilderPattern.csproj", "{8AF402D5-B5CD-4F4D-B4E5-202DFD4DE7D6}"
EndProject
Project("{FAE04EC0-301F-11D3-BF4B-00C04F79EFBC}") = "AdapterPattern", "AdapterPattern\AdapterPattern.csproj", "{43ABC6DE-84C7-4FE3-9191-A1F1935E0252}"
EndProject
Global
	GlobalSection(SolutionConfigurationPlatforms) = preSolution
		Debug|Any CPU = Debug|Any CPU
		Release|Any CPU = Release|Any CPU
	EndGlobalSection
	GlobalSection(ProjectConfigurationPlatforms) = postSolution
		{2035C28B-9A54-4734-96E8-7933006FE49F}.Debug|Any CPU.ActiveCfg = Debug|Any CPU
		{2035C28B-9A54-4734-96E8-7933006FE49F}.Debug|Any CPU.Build.0 = Debug|Any CPU
		{2035C28B-9A54-4734-96E8-7933006FE49F}.Release|Any CPU.ActiveCfg = Release|Any CPU
		{2035C28B-9A54-4734-96E8-7933006FE49F}.Release|Any CPU.Build.0 = Release|Any CPU
		{60DA0FC5-4F8C-4F81-9BB9-C5B1BD700396}.Debug|Any CPU.ActiveCfg = Debug|Any CPU
		{60DA0FC5-4F8C-4F81-9BB9-C5B1BD700396}.Debug|Any CPU.Build.0 = Debug|Any CPU
		{60DA0FC5-4F8C-4F81-9BB9-C5B1BD700396}.Release|Any CPU.ActiveCfg = Release|Any CPU
		{60DA0FC5-4F8C-4F81-9BB9-C5B1BD700396}.Release|Any CPU.Build.0 = Release|Any CPU
		{8AF402D5-B5CD-4F4D-B4E5-202DFD4DE7D6}.Debug|Any CPU.ActiveCfg = Debug|Any CPU
		{8AF402D5-B5CD-4F4D-B4E5-202DFD4DE7D6}.Debug|Any CPU.Build.0 = Debug|Any CPU
		{8AF402D5-B5CD-4F4D-B4E5-202DFD4DE7D6}.Release|Any CPU.ActiveCfg = Release|Any CPU
		{8AF402D5-B5CD-4F4D-B4E5-202DFD4DE7D6}.Release|Any CPU.Build.0 = Release|Any CPU
		{43ABC6DE-84C7-4FE3-9191-A1F1935E0252}.Debug|Any CPU.ActiveCfg = Debug|Any CPU
		{43ABC6DE-84C7-4FE3-9191-A1F1935E0252}.Debug|Any CPU.Build.0 = Debug|Any CPU
		{43ABC6DE-84C7-4FE3-9191-A1F1935E0252}.Release|Any CPU.ActiveCfg = Release|Any CPU
		{43ABC6DE-84C7-4FE3-9191-A1F1935E0252}.Release|Any CPU.Build.0 = Release|Any CPU
	EndGlobalSection
	GlobalSection(SolutionProperties) = preSolution
		HideSolutionNode = FALSE
	EndGlobalSection
	GlobalSection(ExtensibilityGlobals) = postSolution
		SolutionGuid = {4C446968-DF53-47A8-8FF3-D6D8E3E9181E}
	EndGlobalSection
EndGlobal
