
Microsoft Visual Studio Solution File, Format Version 12.00
# Visual Studio Version 17
VisualStudioVersion = 17.0.31903.59
MinimumVisualStudioVersion = 10.0.40219.1
Project("{9A19103F-16F7-4668-BE54-9A1E7A4F7556}") = "FactoryPattern", "FactoryPattern\FactoryPattern.csproj", "{2035C28B-9A54-4734-96E8-7933006FE49F}"
EndProject
Project("{9A19103F-16F7-4668-BE54-9A1E7A4F7556}") = "AbstractFactoryPattern", "AbstractFactoryPattern\AbstractFactoryPattern.csproj", "{60DA0FC5-4F8C-4F81-9BB9-C5B1BD700396}"
EndProject
Project("{9A19103F-16F7-4668-BE54-9A1E7A4F7556}") = "BuilderPattern", "BuilderPattern\BuilderPattern.csproj", "{8AF402D5-B5CD-4F4D-B4E5-202DFD4DE7D6}"
EndProject
Project("{9A19103F-16F7-4668-BE54-9A1E7A4F7556}") = "AdapterPattern", "AdapterPattern\AdapterPattern.csproj", "{43ABC6DE-84C7-4FE3-9191-A1F1935E0252}"
EndProject
Project("{9A19103F-16F7-4668-BE54-9A1E7A4F7556}") = "BridgePattern", "BridgePattern\BridgePattern.csproj", "{C6AD74C7-A1EA-4817-B135-863EACF2234B}"
EndProject
Project("{9A19103F-16F7-4668-BE54-9A1E7A4F7556}") = "CompositePattern", "CompositePattern\CompositePattern.csproj", "{4A63D58F-903B-4203-9DAB-D06D66FF57B8}"
EndProject
Project("{9A19103F-16F7-4668-BE54-9A1E7A4F7556}") = "DecoratorPattern", "DecoratorPattern\DecoratorPattern.csproj", "{40AB3F41-5AAC-4466-AF1E-BB047DEF628A}"
EndProject
Project("{9092AA53-FB77-4645-B42D-1CCCA6BD08BD}") = "FacadePattern", "FacadePattern\FacadePattern.njsproj", "{FA5CB12E-7E00-44E7-821C-DAD70EAC300F}"
EndProject
Project("{FAE04EC0-301F-11D3-BF4B-00C04F79EFBC}") = "FlyweightPattern", "FlyweightPattern\FlyweightPattern.csproj", "{4FF38DCD-316C-4A20-9379-53DE558DC684}"
EndProject
Project("{FAE04EC0-301F-11D3-BF4B-00C04F79EFBC}") = "ProxyPattern", "ProxyPattern\ProxyPattern.csproj", "{16E3884D-E40C-4381-A173-2CBBE8959355}"
EndProject
Project("{FAE04EC0-301F-11D3-BF4B-00C04F79EFBC}") = "ChainOfResponsiblityPattern", "ChainOfResponsiblityPattern\ChainOfResponsiblityPattern.csproj", "{85A8A4C0-328D-4F57-A115-2C52A3BAACFF}"
EndProject
Project("{FAE04EC0-301F-11D3-BF4B-00C04F79EFBC}") = "ChainOfResponsiblityPattern", "ChainOfResponsibilityPattern\ChainOfResponsiblityPattern.csproj", "{3D85DD6F-1EB8-4662-B460-CD5EE43E43C4}"
EndProject
Project("{FAE04EC0-301F-11D3-BF4B-00C04F79EFBC}") = "IteratorPattern", "IteratorPattern\IteratorPattern.csproj", "{CCA7FC70-9737-49E6-9565-548860324A42}"
EndProject
Global
	GlobalSection(SolutionConfigurationPlatforms) = preSolution
		Debug|Any CPU = Debug|Any CPU
		Release|Any CPU = Release|Any CPU
	EndGlobalSection
	GlobalSection(ProjectConfigurationPlatforms) = postSolution
		{2035C28B-9A54-4734-96E8-7933006FE49F}.Debug|Any CPU.ActiveCfg = Debug|Any CPU
		{2035C28B-9A54-4734-96E8-7933006FE49F}.Debug|Any CPU.Build.0 = Debug|Any CPU
		{2035C28B-9A54-4734-96E8-7933006FE49F}.Release|Any CPU.ActiveCfg = Release|Any CPU
		{2035C28B-9A54-4734-96E8-7933006FE49F}.Release|Any CPU.Build.0 = Release|Any CPU
		{60DA0FC5-4F8C-4F81-9BB9-C5B1BD700396}.Debug|Any CPU.ActiveCfg = Debug|Any CPU
		{60DA0FC5-4F8C-4F81-9BB9-C5B1BD700396}.Debug|Any CPU.Build.0 = Debug|Any CPU
		{60DA0FC5-4F8C-4F81-9BB9-C5B1BD700396}.Release|Any CPU.ActiveCfg = Release|Any CPU
		{60DA0FC5-4F8C-4F81-9BB9-C5B1BD700396}.Release|Any CPU.Build.0 = Release|Any CPU
		{8AF402D5-B5CD-4F4D-B4E5-202DFD4DE7D6}.Debug|Any CPU.ActiveCfg = Debug|Any CPU
		{8AF402D5-B5CD-4F4D-B4E5-202DFD4DE7D6}.Debug|Any CPU.Build.0 = Debug|Any CPU
		{8AF402D5-B5CD-4F4D-B4E5-202DFD4DE7D6}.Release|Any CPU.ActiveCfg = Release|Any CPU
		{8AF402D5-B5CD-4F4D-B4E5-202DFD4DE7D6}.Release|Any CPU.Build.0 = Release|Any CPU
		{43ABC6DE-84C7-4FE3-9191-A1F1935E0252}.Debug|Any CPU.ActiveCfg = Debug|Any CPU
		{43ABC6DE-84C7-4FE3-9191-A1F1935E0252}.Debug|Any CPU.Build.0 = Debug|Any CPU
		{43ABC6DE-84C7-4FE3-9191-A1F1935E0252}.Release|Any CPU.ActiveCfg = Release|Any CPU
		{43ABC6DE-84C7-4FE3-9191-A1F1935E0252}.Release|Any CPU.Build.0 = Release|Any CPU
		{C6AD74C7-A1EA-4817-B135-863EACF2234B}.Debug|Any CPU.ActiveCfg = Debug|Any CPU
		{C6AD74C7-A1EA-4817-B135-863EACF2234B}.Debug|Any CPU.Build.0 = Debug|Any CPU
		{C6AD74C7-A1EA-4817-B135-863EACF2234B}.Release|Any CPU.ActiveCfg = Release|Any CPU
		{C6AD74C7-A1EA-4817-B135-863EACF2234B}.Release|Any CPU.Build.0 = Release|Any CPU
		{4A63D58F-903B-4203-9DAB-D06D66FF57B8}.Debug|Any CPU.ActiveCfg = Debug|Any CPU
		{4A63D58F-903B-4203-9DAB-D06D66FF57B8}.Debug|Any CPU.Build.0 = Debug|Any CPU
		{4A63D58F-903B-4203-9DAB-D06D66FF57B8}.Release|Any CPU.ActiveCfg = Release|Any CPU
		{4A63D58F-903B-4203-9DAB-D06D66FF57B8}.Release|Any CPU.Build.0 = Release|Any CPU
		{40AB3F41-5AAC-4466-AF1E-BB047DEF628A}.Debug|Any CPU.ActiveCfg = Debug|Any CPU
		{40AB3F41-5AAC-4466-AF1E-BB047DEF628A}.Debug|Any CPU.Build.0 = Debug|Any CPU
		{40AB3F41-5AAC-4466-AF1E-BB047DEF628A}.Release|Any CPU.ActiveCfg = Release|Any CPU
		{40AB3F41-5AAC-4466-AF1E-BB047DEF628A}.Release|Any CPU.Build.0 = Release|Any CPU
		{FA5CB12E-7E00-44E7-821C-DAD70EAC300F}.Debug|Any CPU.ActiveCfg = Debug|Any CPU
		{FA5CB12E-7E00-44E7-821C-DAD70EAC300F}.Debug|Any CPU.Build.0 = Debug|Any CPU
		{FA5CB12E-7E00-44E7-821C-DAD70EAC300F}.Release|Any CPU.ActiveCfg = Release|Any CPU
		{FA5CB12E-7E00-44E7-821C-DAD70EAC300F}.Release|Any CPU.Build.0 = Release|Any CPU
		{4FF38DCD-316C-4A20-9379-53DE558DC684}.Debug|Any CPU.ActiveCfg = Debug|Any CPU
		{4FF38DCD-316C-4A20-9379-53DE558DC684}.Debug|Any CPU.Build.0 = Debug|Any CPU
		{4FF38DCD-316C-4A20-9379-53DE558DC684}.Release|Any CPU.ActiveCfg = Release|Any CPU
		{4FF38DCD-316C-4A20-9379-53DE558DC684}.Release|Any CPU.Build.0 = Release|Any CPU
		{16E3884D-E40C-4381-A173-2CBBE8959355}.Debug|Any CPU.ActiveCfg = Debug|Any CPU
		{16E3884D-E40C-4381-A173-2CBBE8959355}.Debug|Any CPU.Build.0 = Debug|Any CPU
		{16E3884D-E40C-4381-A173-2CBBE8959355}.Release|Any CPU.ActiveCfg = Release|Any CPU
		{16E3884D-E40C-4381-A173-2CBBE8959355}.Release|Any CPU.Build.0 = Release|Any CPU
		{85A8A4C0-328D-4F57-A115-2C52A3BAACFF}.Debug|Any CPU.ActiveCfg = Debug|Any CPU
		{85A8A4C0-328D-4F57-A115-2C52A3BAACFF}.Debug|Any CPU.Build.0 = Debug|Any CPU
		{85A8A4C0-328D-4F57-A115-2C52A3BAACFF}.Release|Any CPU.ActiveCfg = Release|Any CPU
		{85A8A4C0-328D-4F57-A115-2C52A3BAACFF}.Release|Any CPU.Build.0 = Release|Any CPU
		{3D85DD6F-1EB8-4662-B460-CD5EE43E43C4}.Debug|Any CPU.ActiveCfg = Debug|Any CPU
		{3D85DD6F-1EB8-4662-B460-CD5EE43E43C4}.Debug|Any CPU.Build.0 = Debug|Any CPU
		{3D85DD6F-1EB8-4662-B460-CD5EE43E43C4}.Release|Any CPU.ActiveCfg = Release|Any CPU
		{3D85DD6F-1EB8-4662-B460-CD5EE43E43C4}.Release|Any CPU.Build.0 = Release|Any CPU
		{CCA7FC70-9737-49E6-9565-548860324A42}.Debug|Any CPU.ActiveCfg = Debug|Any CPU
		{CCA7FC70-9737-49E6-9565-548860324A42}.Debug|Any CPU.Build.0 = Debug|Any CPU
		{CCA7FC70-9737-49E6-9565-548860324A42}.Release|Any CPU.ActiveCfg = Release|Any CPU
		{CCA7FC70-9737-49E6-9565-548860324A42}.Release|Any CPU.Build.0 = Release|Any CPU
	EndGlobalSection
	GlobalSection(SolutionProperties) = preSolution
		HideSolutionNode = FALSE
	EndGlobalSection
	GlobalSection(ExtensibilityGlobals) = postSolution
		SolutionGuid = {4C446968-DF53-47A8-8FF3-D6D8E3E9181E}
	EndGlobalSection
EndGlobal
